
Microsoft Visual Studio Solution File, Format Version 12.00
# Visual Studio Version 17
VisualStudioVersion = 17.9.34616.47
MinimumVisualStudioVersion = 10.0.40219.1
Project("{9A19103F-16F7-4668-BE54-9A1E7A4F7556}") = "DA.Kochbuch.Model", "DA.Kochbuch.Model\DA.Kochbuch.Model.csproj", "{4421EFB6-ECB4-4904-AE0D-BF04BAA76148}"
EndProject
Project("{9A19103F-16F7-4668-BE54-9A1E7A4F7556}") = "DA.Kochbuch.Cons.Test", "DA.Kochbuch.Cons.Test\DA.Kochbuch.Cons.Test.csproj", "{B1677650-ACE5-498C-AAD5-758A1C37E3A8}"
EndProject
Project("{FAE04EC0-301F-11D3-BF4B-00C04F79EFBC}") = "DA.Kochbuch.Api", "DA.Kochbuch.Api\DA.Kochbuch.Api.csproj", "{D8374A58-12D7-4489-93F5-798AA594DA65}"
EndProject
Global
	GlobalSection(SolutionConfigurationPlatforms) = preSolution
		Debug|Any CPU = Debug|Any CPU
		Release|Any CPU = Release|Any CPU
	EndGlobalSection
	GlobalSection(ProjectConfigurationPlatforms) = postSolution
		{4421EFB6-ECB4-4904-AE0D-BF04BAA76148}.Debug|Any CPU.ActiveCfg = Debug|Any CPU
		{4421EFB6-ECB4-4904-AE0D-BF04BAA76148}.Debug|Any CPU.Build.0 = Debug|Any CPU
		{4421EFB6-ECB4-4904-AE0D-BF04BAA76148}.Release|Any CPU.ActiveCfg = Release|Any CPU
		{4421EFB6-ECB4-4904-AE0D-BF04BAA76148}.Release|Any CPU.Build.0 = Release|Any CPU
		{B1677650-ACE5-498C-AAD5-758A1C37E3A8}.Debug|Any CPU.ActiveCfg = Debug|Any CPU
		{B1677650-ACE5-498C-AAD5-758A1C37E3A8}.Debug|Any CPU.Build.0 = Debug|Any CPU
		{B1677650-ACE5-498C-AAD5-758A1C37E3A8}.Release|Any CPU.ActiveCfg = Release|Any CPU
		{B1677650-ACE5-498C-AAD5-758A1C37E3A8}.Release|Any CPU.Build.0 = Release|Any CPU
		{D8374A58-12D7-4489-93F5-798AA594DA65}.Debug|Any CPU.ActiveCfg = Debug|Any CPU
		{D8374A58-12D7-4489-93F5-798AA594DA65}.Debug|Any CPU.Build.0 = Debug|Any CPU
		{D8374A58-12D7-4489-93F5-798AA594DA65}.Release|Any CPU.ActiveCfg = Release|Any CPU
		{D8374A58-12D7-4489-93F5-798AA594DA65}.Release|Any CPU.Build.0 = Release|Any CPU
	EndGlobalSection
	GlobalSection(SolutionProperties) = preSolution
		HideSolutionNode = FALSE
	EndGlobalSection
	GlobalSection(ExtensibilityGlobals) = postSolution
		SolutionGuid = {A27A1695-1147-422A-9217-A02DA9105E19}
	EndGlobalSection
EndGlobal
