
Microsoft Visual Studio Solution File, Format Version 12.00
# Visual Studio Version 17
VisualStudioVersion = 17.9.34616.47
MinimumVisualStudioVersion = 10.0.40219.1
Project("{9A19103F-16F7-4668-BE54-9A1E7A4F7556}") = "DA.Kochbuch.Model", "DA.Kochbuch.Model\DA.Kochbuch.Model.csproj", "{4421EFB6-ECB4-4904-AE0D-BF04BAA76148}"
EndProject
Project("{FAE04EC0-301F-11D3-BF4B-00C04F79EFBC}") = "DA.Kochbuch.EFCore.Cons.Test", "DA.Kochbuch.EFCore.Cons.Test\DA.Kochbuch.EFCore.Cons.Test.csproj", "{F6BC1F19-E50A-452B-BC00-439646F7D747}"
EndProject
Global
	GlobalSection(SolutionConfigurationPlatforms) = preSolution
		Debug|Any CPU = Debug|Any CPU
		Release|Any CPU = Release|Any CPU
	EndGlobalSection
	GlobalSection(ProjectConfigurationPlatforms) = postSolution
		{4421EFB6-ECB4-4904-AE0D-BF04BAA76148}.Debug|Any CPU.ActiveCfg = Debug|Any CPU
		{4421EFB6-ECB4-4904-AE0D-BF04BAA76148}.Debug|Any CPU.Build.0 = Debug|Any CPU
		{4421EFB6-ECB4-4904-AE0D-BF04BAA76148}.Release|Any CPU.ActiveCfg = Release|Any CPU
		{4421EFB6-ECB4-4904-AE0D-BF04BAA76148}.Release|Any CPU.Build.0 = Release|Any CPU
		{F6BC1F19-E50A-452B-BC00-439646F7D747}.Debug|Any CPU.ActiveCfg = Debug|Any CPU
		{F6BC1F19-E50A-452B-BC00-439646F7D747}.Debug|Any CPU.Build.0 = Debug|Any CPU
		{F6BC1F19-E50A-452B-BC00-439646F7D747}.Release|Any CPU.ActiveCfg = Release|Any CPU
		{F6BC1F19-E50A-452B-BC00-439646F7D747}.Release|Any CPU.Build.0 = Release|Any CPU
	EndGlobalSection
	GlobalSection(SolutionProperties) = preSolution
		HideSolutionNode = FALSE
	EndGlobalSection
	GlobalSection(ExtensibilityGlobals) = postSolution
		SolutionGuid = {A27A1695-1147-422A-9217-A02DA9105E19}
	EndGlobalSection
EndGlobal
